
Microsoft Visual Studio Solution File, Format Version 12.00
# Visual Studio Version 17
VisualStudioVersion = 17.4.33205.214
MinimumVisualStudioVersion = 10.0.40219.1
Project("{FAE04EC0-301F-11D3-BF4B-00C04F79EFBC}") = "CSharpUtilities", "CSharpUtilities\CSharpUtilities.csproj", "{36EC4832-553D-4908-A79E-561066881CF2}"
EndProject
Global
	GlobalSection(SolutionConfigurationPlatforms) = preSolution
		Debug|Any CPU = Debug|Any CPU
		Release|Any CPU = Release|Any CPU
	EndGlobalSection
	GlobalSection(ProjectConfigurationPlatforms) = postSolution
		{36EC4832-553D-4908-A79E-561066881CF2}.Debug|Any CPU.ActiveCfg = Debug|Any CPU
		{36EC4832-553D-4908-A79E-561066881CF2}.Debug|Any CPU.Build.0 = Debug|Any CPU
		{36EC4832-553D-4908-A79E-561066881CF2}.Release|Any CPU.ActiveCfg = Release|Any CPU
		{36EC4832-553D-4908-A79E-561066881CF2}.Release|Any CPU.Build.0 = Release|Any CPU
	EndGlobalSection
	GlobalSection(SolutionProperties) = preSolution
		HideSolutionNode = FALSE
	EndGlobalSection
	GlobalSection(ExtensibilityGlobals) = postSolution
		SolutionGuid = {FFE4B9EA-2739-4BE6-9EFC-7E3170C74DAE}
	EndGlobalSection
EndGlobal
